
Microsoft Visual Studio Solution File, Format Version 12.00
# Visual Studio Version 17
VisualStudioVersion = 17.7.34202.233
MinimumVisualStudioVersion = 10.0.40219.1
Project("{8BC9CEB8-8B4A-11D0-8D11-00A0C91BC942}") = "C++", "Project\C++\C++.vcxproj", "{569F9BF5-4171-493A-8D80-EFA1D3EB6EFE}"
EndProject
Project("{8BC9CEB8-8B4A-11D0-8D11-00A0C91BC942}") = "BSP", "Project\BSP\BSP.vcxproj", "{34F1D621-0DBD-4B55-A4C3-1012E33BF3F8}"
EndProject
Project("{8BC9CEB8-8B4A-11D0-8D11-00A0C91BC942}") = "Astar", "Project\Astar\Astar.vcxproj", "{F13A2E8B-ECAB-4CB8-A22C-8645EDA956D2}"
EndProject
Project("{8BC9CEB8-8B4A-11D0-8D11-00A0C91BC942}") = "MultiThread", "Project\MultiThread\MultiThread.vcxproj", "{F1CAD451-C201-472D-B377-26A08285DAC7}"
EndProject
Global
	GlobalSection(SolutionConfigurationPlatforms) = preSolution
		Debug|x64 = Debug|x64
		Debug|x86 = Debug|x86
		Release|x64 = Release|x64
		Release|x86 = Release|x86
	EndGlobalSection
	GlobalSection(ProjectConfigurationPlatforms) = postSolution
		{569F9BF5-4171-493A-8D80-EFA1D3EB6EFE}.Debug|x64.ActiveCfg = Debug|x64
		{569F9BF5-4171-493A-8D80-EFA1D3EB6EFE}.Debug|x64.Build.0 = Debug|x64
		{569F9BF5-4171-493A-8D80-EFA1D3EB6EFE}.Debug|x86.ActiveCfg = Debug|Win32
		{569F9BF5-4171-493A-8D80-EFA1D3EB6EFE}.Debug|x86.Build.0 = Debug|Win32
		{569F9BF5-4171-493A-8D80-EFA1D3EB6EFE}.Release|x64.ActiveCfg = Release|x64
		{569F9BF5-4171-493A-8D80-EFA1D3EB6EFE}.Release|x64.Build.0 = Release|x64
		{569F9BF5-4171-493A-8D80-EFA1D3EB6EFE}.Release|x86.ActiveCfg = Release|Win32
		{569F9BF5-4171-493A-8D80-EFA1D3EB6EFE}.Release|x86.Build.0 = Release|Win32
		{34F1D621-0DBD-4B55-A4C3-1012E33BF3F8}.Debug|x64.ActiveCfg = Debug|x64
		{34F1D621-0DBD-4B55-A4C3-1012E33BF3F8}.Debug|x64.Build.0 = Debug|x64
		{34F1D621-0DBD-4B55-A4C3-1012E33BF3F8}.Debug|x86.ActiveCfg = Debug|Win32
		{34F1D621-0DBD-4B55-A4C3-1012E33BF3F8}.Debug|x86.Build.0 = Debug|Win32
		{34F1D621-0DBD-4B55-A4C3-1012E33BF3F8}.Release|x64.ActiveCfg = Release|x64
		{34F1D621-0DBD-4B55-A4C3-1012E33BF3F8}.Release|x64.Build.0 = Release|x64
		{34F1D621-0DBD-4B55-A4C3-1012E33BF3F8}.Release|x86.ActiveCfg = Release|Win32
		{34F1D621-0DBD-4B55-A4C3-1012E33BF3F8}.Release|x86.Build.0 = Release|Win32
		{F13A2E8B-ECAB-4CB8-A22C-8645EDA956D2}.Debug|x64.ActiveCfg = Debug|x64
		{F13A2E8B-ECAB-4CB8-A22C-8645EDA956D2}.Debug|x64.Build.0 = Debug|x64
		{F13A2E8B-ECAB-4CB8-A22C-8645EDA956D2}.Debug|x86.ActiveCfg = Debug|Win32
		{F13A2E8B-ECAB-4CB8-A22C-8645EDA956D2}.Debug|x86.Build.0 = Debug|Win32
		{F13A2E8B-ECAB-4CB8-A22C-8645EDA956D2}.Release|x64.ActiveCfg = Release|x64
		{F13A2E8B-ECAB-4CB8-A22C-8645EDA956D2}.Release|x64.Build.0 = Release|x64
		{F13A2E8B-ECAB-4CB8-A22C-8645EDA956D2}.Release|x86.ActiveCfg = Release|Win32
		{F13A2E8B-ECAB-4CB8-A22C-8645EDA956D2}.Release|x86.Build.0 = Release|Win32
		{F1CAD451-C201-472D-B377-26A08285DAC7}.Debug|x64.ActiveCfg = Debug|x64
		{F1CAD451-C201-472D-B377-26A08285DAC7}.Debug|x64.Build.0 = Debug|x64
		{F1CAD451-C201-472D-B377-26A08285DAC7}.Debug|x86.ActiveCfg = Debug|Win32
		{F1CAD451-C201-472D-B377-26A08285DAC7}.Debug|x86.Build.0 = Debug|Win32
		{F1CAD451-C201-472D-B377-26A08285DAC7}.Release|x64.ActiveCfg = Release|x64
		{F1CAD451-C201-472D-B377-26A08285DAC7}.Release|x64.Build.0 = Release|x64
		{F1CAD451-C201-472D-B377-26A08285DAC7}.Release|x86.ActiveCfg = Release|Win32
		{F1CAD451-C201-472D-B377-26A08285DAC7}.Release|x86.Build.0 = Release|Win32
	EndGlobalSection
	GlobalSection(SolutionProperties) = preSolution
		HideSolutionNode = FALSE
	EndGlobalSection
	GlobalSection(ExtensibilityGlobals) = postSolution
		SolutionGuid = {5C9D9CFD-2830-4221-A917-21230C903087}
	EndGlobalSection
EndGlobal
